
Microsoft Visual Studio Solution File, Format Version 12.00
# Visual Studio Version 17
VisualStudioVersion = 17.6.33829.357
MinimumVisualStudioVersion = 10.0.40219.1
Project("{FAE04EC0-301F-11D3-BF4B-00C04F79EFBC}") = "WTDE-Launcher-V3", "WTDE-Launcher-V3.csproj", "{A3A43E45-2A5A-46B6-9F54-F575739B35EA}"
EndProject
Global
	GlobalSection(SolutionConfigurationPlatforms) = preSolution
		Debug|Any CPU = Debug|Any CPU
		Release|Any CPU = Release|Any CPU
	EndGlobalSection
	GlobalSection(ProjectConfigurationPlatforms) = postSolution
		{A3A43E45-2A5A-46B6-9F54-F575739B35EA}.Debug|Any CPU.ActiveCfg = Debug|Any CPU
		{A3A43E45-2A5A-46B6-9F54-F575739B35EA}.Debug|Any CPU.Build.0 = Debug|Any CPU
		{A3A43E45-2A5A-46B6-9F54-F575739B35EA}.Release|Any CPU.ActiveCfg = Release|Any CPU
		{A3A43E45-2A5A-46B6-9F54-F575739B35EA}.Release|Any CPU.Build.0 = Release|Any CPU
	EndGlobalSection
	GlobalSection(SolutionProperties) = preSolution
		HideSolutionNode = FALSE
	EndGlobalSection
	GlobalSection(ExtensibilityGlobals) = postSolution
		SolutionGuid = {18A18752-2461-4F1A-BEB3-30CE5685EF1E}
	EndGlobalSection
EndGlobal
